
Microsoft Visual Studio Solution File, Format Version 12.00
# Visual Studio Version 16
VisualStudioVersion = 16.0.31313.79
MinimumVisualStudioVersion = 10.0.40219.1
Project("{FAE04EC0-301F-11D3-BF4B-00C04F79EFBC}") = "ApiX-Kom", "ApiX-Kom.csproj", "{2DC48F36-91CB-45F0-8EEE-21E3918BF38C}"
EndProject
Global
	GlobalSection(SolutionConfigurationPlatforms) = preSolution
		Debug|Any CPU = Debug|Any CPU
		Release|Any CPU = Release|Any CPU
	EndGlobalSection
	GlobalSection(ProjectConfigurationPlatforms) = postSolution
		{2DC48F36-91CB-45F0-8EEE-21E3918BF38C}.Debug|Any CPU.ActiveCfg = Debug|Any CPU
		{2DC48F36-91CB-45F0-8EEE-21E3918BF38C}.Debug|Any CPU.Build.0 = Debug|Any CPU
		{2DC48F36-91CB-45F0-8EEE-21E3918BF38C}.Release|Any CPU.ActiveCfg = Release|Any CPU
		{2DC48F36-91CB-45F0-8EEE-21E3918BF38C}.Release|Any CPU.Build.0 = Release|Any CPU
	EndGlobalSection
	GlobalSection(SolutionProperties) = preSolution
		HideSolutionNode = FALSE
	EndGlobalSection
	GlobalSection(ExtensibilityGlobals) = postSolution
		SolutionGuid = {16B7DFB7-B0B9-452A-B6F8-2FECC0AB6F7D}
	EndGlobalSection
EndGlobal
